
Microsoft Visual Studio Solution File, Format Version 12.00
# Visual Studio Version 17
VisualStudioVersion = 17.3.32929.385
MinimumVisualStudioVersion = 10.0.40219.1
Project("{FAE04EC0-301F-11D3-BF4B-00C04F79EFBC}") = "Ado_crud_practice", "Ado_crud_practice.csproj", "{FD89327F-26FA-405A-810A-35AC3CFB6820}"
EndProject
Global
	GlobalSection(SolutionConfigurationPlatforms) = preSolution
		Debug|Any CPU = Debug|Any CPU
		Release|Any CPU = Release|Any CPU
	EndGlobalSection
	GlobalSection(ProjectConfigurationPlatforms) = postSolution
		{FD89327F-26FA-405A-810A-35AC3CFB6820}.Debug|Any CPU.ActiveCfg = Debug|Any CPU
		{FD89327F-26FA-405A-810A-35AC3CFB6820}.Debug|Any CPU.Build.0 = Debug|Any CPU
		{FD89327F-26FA-405A-810A-35AC3CFB6820}.Release|Any CPU.ActiveCfg = Release|Any CPU
		{FD89327F-26FA-405A-810A-35AC3CFB6820}.Release|Any CPU.Build.0 = Release|Any CPU
	EndGlobalSection
	GlobalSection(SolutionProperties) = preSolution
		HideSolutionNode = FALSE
	EndGlobalSection
	GlobalSection(ExtensibilityGlobals) = postSolution
		SolutionGuid = {7629BE4E-4843-4E03-9A1E-BE4D300D5D81}
	EndGlobalSection
EndGlobal
